
Microsoft Visual Studio Solution File, Format Version 12.00
# Visual Studio Version 17
VisualStudioVersion = 17.5.002.0
MinimumVisualStudioVersion = 10.0.40219.1
Project("{9A19103F-16F7-4668-BE54-9A1E7A4F7556}") = "UrlProcessorApi", "UrlProcessorApi\UrlProcessorApi.csproj", "{7C1189BA-9DF8-481E-ABA9-13098B8E3DB8}"
EndProject
Project("{FAE04EC0-301F-11D3-BF4B-00C04F79EFBC}") = "UrlProcessorApi.Tests", "UrlProcessorApi.Tests\UrlProcessorApi.Tests.csproj", "{0FA57CEF-6EB4-4282-ABCF-729927455EF3}"
EndProject
Global
	GlobalSection(SolutionConfigurationPlatforms) = preSolution
		Debug|Any CPU = Debug|Any CPU
		Release|Any CPU = Release|Any CPU
	EndGlobalSection
	GlobalSection(ProjectConfigurationPlatforms) = postSolution
		{7C1189BA-9DF8-481E-ABA9-13098B8E3DB8}.Debug|Any CPU.ActiveCfg = Debug|Any CPU
		{7C1189BA-9DF8-481E-ABA9-13098B8E3DB8}.Debug|Any CPU.Build.0 = Debug|Any CPU
		{7C1189BA-9DF8-481E-ABA9-13098B8E3DB8}.Release|Any CPU.ActiveCfg = Release|Any CPU
		{7C1189BA-9DF8-481E-ABA9-13098B8E3DB8}.Release|Any CPU.Build.0 = Release|Any CPU
		{0FA57CEF-6EB4-4282-ABCF-729927455EF3}.Debug|Any CPU.ActiveCfg = Debug|Any CPU
		{0FA57CEF-6EB4-4282-ABCF-729927455EF3}.Debug|Any CPU.Build.0 = Debug|Any CPU
		{0FA57CEF-6EB4-4282-ABCF-729927455EF3}.Release|Any CPU.ActiveCfg = Release|Any CPU
		{0FA57CEF-6EB4-4282-ABCF-729927455EF3}.Release|Any CPU.Build.0 = Release|Any CPU
	EndGlobalSection
	GlobalSection(SolutionProperties) = preSolution
		HideSolutionNode = FALSE
	EndGlobalSection
	GlobalSection(ExtensibilityGlobals) = postSolution
		SolutionGuid = {FF03A996-F678-4C99-BFE5-0DE5CFB5945D}
	EndGlobalSection
EndGlobal
